
Microsoft Visual Studio Solution File, Format Version 12.00
# Visual Studio 2012
Project("{FAE04EC0-301F-11D3-BF4B-00C04F79EFBC}") = "SDKSampleApp", "SDKSampleApp\SDKSampleApp.csproj", "{E6B4A1C0-007B-4016-9BAD-362FB5D8ED25}"
EndProject
Global
	GlobalSection(SolutionConfigurationPlatforms) = preSolution
		Debug|iPhoneSimulator = Debug|iPhoneSimulator
		Release|iPhone = Release|iPhone
		Release|iPhoneSimulator = Release|iPhoneSimulator
		Debug|iPhone = Debug|iPhone
	EndGlobalSection
	GlobalSection(ProjectConfigurationPlatforms) = postSolution
		{E6B4A1C0-007B-4016-9BAD-362FB5D8ED25}.Debug|iPhone.ActiveCfg = Debug|iPhone
		{E6B4A1C0-007B-4016-9BAD-362FB5D8ED25}.Debug|iPhone.Build.0 = Debug|iPhone
		{E6B4A1C0-007B-4016-9BAD-362FB5D8ED25}.Debug|iPhoneSimulator.ActiveCfg = Debug|iPhoneSimulator
		{E6B4A1C0-007B-4016-9BAD-362FB5D8ED25}.Debug|iPhoneSimulator.Build.0 = Debug|iPhoneSimulator
		{E6B4A1C0-007B-4016-9BAD-362FB5D8ED25}.Release|iPhone.ActiveCfg = Release|iPhone
		{E6B4A1C0-007B-4016-9BAD-362FB5D8ED25}.Release|iPhone.Build.0 = Release|iPhone
		{E6B4A1C0-007B-4016-9BAD-362FB5D8ED25}.Release|iPhoneSimulator.ActiveCfg = Release|iPhoneSimulator
		{E6B4A1C0-007B-4016-9BAD-362FB5D8ED25}.Release|iPhoneSimulator.Build.0 = Release|iPhoneSimulator
	EndGlobalSection
EndGlobal
